
Microsoft Visual Studio Solution File, Format Version 12.00
# Visual Studio Version 17
VisualStudioVersion = 17.11.35327.3
MinimumVisualStudioVersion = 10.0.40219.1
Project("{FAE04EC0-301F-11D3-BF4B-00C04F79EFBC}") = "uppgift3.4", "uppgift3.4\uppgift3.4.csproj", "{C172A8BA-979C-4632-84F8-68CEB357AD94}"
EndProject
Global
	GlobalSection(SolutionConfigurationPlatforms) = preSolution
		Debug|Any CPU = Debug|Any CPU
		Release|Any CPU = Release|Any CPU
	EndGlobalSection
	GlobalSection(ProjectConfigurationPlatforms) = postSolution
		{C172A8BA-979C-4632-84F8-68CEB357AD94}.Debug|Any CPU.ActiveCfg = Debug|Any CPU
		{C172A8BA-979C-4632-84F8-68CEB357AD94}.Debug|Any CPU.Build.0 = Debug|Any CPU
		{C172A8BA-979C-4632-84F8-68CEB357AD94}.Release|Any CPU.ActiveCfg = Release|Any CPU
		{C172A8BA-979C-4632-84F8-68CEB357AD94}.Release|Any CPU.Build.0 = Release|Any CPU
	EndGlobalSection
	GlobalSection(SolutionProperties) = preSolution
		HideSolutionNode = FALSE
	EndGlobalSection
	GlobalSection(ExtensibilityGlobals) = postSolution
		SolutionGuid = {34D65020-3156-4AC4-8C63-DD115E8BA081}
	EndGlobalSection
EndGlobal
